// !$*UTF8*$!
{
	archiveVersion = 1;
	classes = {
	};
	objectVersion = 56;
	objects = {

/* Begin PBXBuildFile section */
		41E89A4B2BC80989008B64C0 /* MessangerLTNApp.swift in Sources */ = {isa = PBXBuildFile; fileRef = 41E89A4A2BC80989008B64C0 /* MessangerLTNApp.swift */; };
		41E89A4D2BC80989008B64C0 /* ContentView.swift in Sources */ = {isa = PBXBuildFile; fileRef = 41E89A4C2BC80989008B64C0 /* ContentView.swift */; };
		41E89A4F2BC8098C008B64C0 /* Assets.xcassets in Resources */ = {isa = PBXBuildFile; fileRef = 41E89A4E2BC8098C008B64C0 /* Assets.xcassets */; };
		41E89A522BC8098C008B64C0 /* Preview Assets.xcassets in Resources */ = {isa = PBXBuildFile; fileRef = 41E89A512BC8098C008B64C0 /* Preview Assets.xcassets */; };
		41E89A5C2BC8098D008B64C0 /* MessangerLTNTests.swift in Sources */ = {isa = PBXBuildFile; fileRef = 41E89A5B2BC8098D008B64C0 /* MessangerLTNTests.swift */; };
		41E89A662BC8098D008B64C0 /* MessangerLTNUITests.swift in Sources */ = {isa = PBXBuildFile; fileRef = 41E89A652BC8098D008B64C0 /* MessangerLTNUITests.swift */; };
		41E89A682BC8098D008B64C0 /* MessangerLTNUITestsLaunchTests.swift in Sources */ = {isa = PBXBuildFile; fileRef = 41E89A672BC8098D008B64C0 /* MessangerLTNUITestsLaunchTests.swift */; };
/* End PBXBuildFile section */

/* Begin PBXContainerItemProxy section */
		41E89A582BC8098D008B64C0 /* PBXContainerItemProxy */ = {
			isa = PBXContainerItemProxy;
			containerPortal = 41E89A3F2BC80989008B64C0 /* Project object */;
			proxyType = 1;
			remoteGlobalIDString = 41E89A462BC80989008B64C0;
			remoteInfo = MessangerLTN;
		};
		41E89A622BC8098D008B64C0 /* PBXContainerItemProxy */ = {
			isa = PBXContainerItemProxy;
			containerPortal = 41E89A3F2BC80989008B64C0 /* Project object */;
			proxyType = 1;
			remoteGlobalIDString = 41E89A462BC80989008B64C0;
			remoteInfo = MessangerLTN;
		};
/* End PBXContainerItemProxy section */

/* Begin PBXFileReference section */
		41E89A472BC80989008B64C0 /* MessangerLTN.app */ = {isa = PBXFileReference; explicitFileType = wrapper.application; includeInIndex = 0; path = MessangerLTN.app; sourceTree = BUILT_PRODUCTS_DIR; };
		41E89A4A2BC80989008B64C0 /* MessangerLTNApp.swift */ = {isa = PBXFileReference; lastKnownFileType = sourcecode.swift; path = MessangerLTNApp.swift; sourceTree = "<group>"; };
		41E89A4C2BC80989008B64C0 /* ContentView.swift */ = {isa = PBXFileReference; lastKnownFileType = sourcecode.swift; path = ContentView.swift; sourceTree = "<group>"; };
		41E89A4E2BC8098C008B64C0 /* Assets.xcassets */ = {isa = PBXFileReference; lastKnownFileType = folder.assetcatalog; path = Assets.xcassets; sourceTree = "<group>"; };
		41E89A512BC8098C008B64C0 /* Preview Assets.xcassets */ = {isa = PBXFileReference; lastKnownFileType = folder.assetcatalog; path = "Preview Assets.xcassets"; sourceTree = "<group>"; };
		41E89A572BC8098D008B64C0 /* MessangerLTNTests.xctest */ = {isa = PBXFileReference; explicitFileType = wrapper.cfbundle; includeInIndex = 0; path = MessangerLTNTests.xctest; sourceTree = BUILT_PRODUCTS_DIR; };
		41E89A5B2BC8098D008B64C0 /* MessangerLTNTests.swift */ = {isa = PBXFileReference; lastKnownFileType = sourcecode.swift; path = MessangerLTNTests.swift; sourceTree = "<group>"; };
		41E89A612BC8098D008B64C0 /* MessangerLTNUITests.xctest */ = {isa = PBXFileReference; explicitFileType = wrapper.cfbundle; includeInIndex = 0; path = MessangerLTNUITests.xctest; sourceTree = BUILT_PRODUCTS_DIR; };
		41E89A652BC8098D008B64C0 /* MessangerLTNUITests.swift */ = {isa = PBXFileReference; lastKnownFileType = sourcecode.swift; path = MessangerLTNUITests.swift; sourceTree = "<group>"; };
		41E89A672BC8098D008B64C0 /* MessangerLTNUITestsLaunchTests.swift */ = {isa = PBXFileReference; lastKnownFileType = sourcecode.swift; path = MessangerLTNUITestsLaunchTests.swift; sourceTree = "<group>"; };
/* End PBXFileReference section */

/* Begin PBXFrameworksBuildPhase section */
		41E89A442BC80989008B64C0 /* Frameworks */ = {
			isa = PBXFrameworksBuildPhase;
			buildActionMask = 2147483647;
			files = (
			);
			runOnlyForDeploymentPostprocessing = 0;
		};
		41E89A542BC8098D008B64C0 /* Frameworks */ = {
			isa = PBXFrameworksBuildPhase;
			buildActionMask = 2147483647;
			files = (
			);
			runOnlyForDeploymentPostprocessing = 0;
		};
		41E89A5E2BC8098D008B64C0 /* Frameworks */ = {
			isa = PBXFrameworksBuildPhase;
			buildActionMask = 2147483647;
			files = (
			);
			runOnlyForDeploymentPostprocessing = 0;
		};
/* End PBXFrameworksBuildPhase section */

/* Begin PBXGroup section */
		41E89A3E2BC80989008B64C0 = {
			isa = PBXGroup;
			children = (
				41E89A492BC80989008B64C0 /* MessangerLTN */,
				41E89A5A2BC8098D008B64C0 /* MessangerLTNTests */,
				41E89A642BC8098D008B64C0 /* MessangerLTNUITests */,
				41E89A482BC80989008B64C0 /* Products */,
			);
			sourceTree = "<group>";
		};
		41E89A482BC80989008B64C0 /* Products */ = {
			isa = PBXGroup;
			children = (
				41E89A472BC80989008B64C0 /* MessangerLTN.app */,
				41E89A572BC8098D008B64C0 /* MessangerLTNTests.xctest */,
				41E89A612BC8098D008B64C0 /* MessangerLTNUITests.xctest */,
			);
			name = Products;
			sourceTree = "<group>";
		};
		41E89A492BC80989008B64C0 /* MessangerLTN */ = {
			isa = PBXGroup;
			children = (
				41E89A4A2BC80989008B64C0 /* MessangerLTNApp.swift */,
				41E89A4C2BC80989008B64C0 /* ContentView.swift */,
				41E89A4E2BC8098C008B64C0 /* Assets.xcassets */,
				41E89A502BC8098C008B64C0 /* Preview Content */,
			);
			path = MessangerLTN;
			sourceTree = "<group>";
		};
		41E89A502BC8098C008B64C0 /* Preview Content */ = {
			isa = PBXGroup;
			children = (
				41E89A512BC8098C008B64C0 /* Preview Assets.xcassets */,
			);
			path = "Preview Content";
			sourceTree = "<group>";
		};
		41E89A5A2BC8098D008B64C0 /* MessangerLTNTests */ = {
			isa = PBXGroup;
			children = (
				41E89A5B2BC8098D008B64C0 /* MessangerLTNTests.swift */,
			);
			path = MessangerLTNTests;
			sourceTree = "<group>";
		};
		41E89A642BC8098D008B64C0 /* MessangerLTNUITests */ = {
			isa = PBXGroup;
			children = (
				41E89A652BC8098D008B64C0 /* MessangerLTNUITests.swift */,
				41E89A672BC8098D008B64C0 /* MessangerLTNUITestsLaunchTests.swift */,
			);
			path = MessangerLTNUITests;
			sourceTree = "<group>";
		};
/* End PBXGroup section */

/* Begin PBXNativeTarget section */
		41E89A462BC80989008B64C0 /* MessangerLTN */ = {
			isa = PBXNativeTarget;
			buildConfigurationList = 41E89A6B2BC8098D008B64C0 /* Build configuration list for PBXNativeTarget "MessangerLTN" */;
			buildPhases = (
				41E89A432BC80989008B64C0 /* Sources */,
				41E89A442BC80989008B64C0 /* Frameworks */,
				41E89A452BC80989008B64C0 /* Resources */,
			);
			buildRules = (
			);
			dependencies = (
			);
			name = MessangerLTN;
			productName = MessangerLTN;
			productReference = 41E89A472BC80989008B64C0 /* MessangerLTN.app */;
			productType = "com.apple.product-type.application";
		};
		41E89A562BC8098D008B64C0 /* MessangerLTNTests */ = {
			isa = PBXNativeTarget;
			buildConfigurationList = 41E89A6E2BC8098D008B64C0 /* Build configuration list for PBXNativeTarget "MessangerLTNTests" */;
			buildPhases = (
				41E89A532BC8098D008B64C0 /* Sources */,
				41E89A542BC8098D008B64C0 /* Frameworks */,
				41E89A552BC8098D008B64C0 /* Resources */,
			);
			buildRules = (
			);
			dependencies = (
				41E89A592BC8098D008B64C0 /* PBXTargetDependency */,
			);
			name = MessangerLTNTests;
			productName = MessangerLTNTests;
			productReference = 41E89A572BC8098D008B64C0 /* MessangerLTNTests.xctest */;
			productType = "com.apple.product-type.bundle.unit-test";
		};
		41E89A602BC8098D008B64C0 /* MessangerLTNUITests */ = {
			isa = PBXNativeTarget;
			buildConfigurationList = 41E89A712BC8098D008B64C0 /* Build configuration list for PBXNativeTarget "MessangerLTNUITests" */;
			buildPhases = (
				41E89A5D2BC8098D008B64C0 /* Sources */,
				41E89A5E2BC8098D008B64C0 /* Frameworks */,
				41E89A5F2BC8098D008B64C0 /* Resources */,
			);
			buildRules = (
			);
			dependencies = (
				41E89A632BC8098D008B64C0 /* PBXTargetDependency */,
			);
			name = MessangerLTNUITests;
			productName = MessangerLTNUITests;
			productReference = 41E89A612BC8098D008B64C0 /* MessangerLTNUITests.xctest */;
			productType = "com.apple.product-type.bundle.ui-testing";
		};
/* End PBXNativeTarget section */

/* Begin PBXProject section */
		41E89A3F2BC80989008B64C0 /* Project object */ = {
			isa = PBXProject;
			attributes = {
				BuildIndependentTargetsInParallel = 1;
				LastSwiftUpdateCheck = 1420;
				LastUpgradeCheck = 1420;
				TargetAttributes = {
					41E89A462BC80989008B64C0 = {
						CreatedOnToolsVersion = 14.2;
					};
					41E89A562BC8098D008B64C0 = {
						CreatedOnToolsVersion = 14.2;
						TestTargetID = 41E89A462BC80989008B64C0;
					};
					41E89A602BC8098D008B64C0 = {
						CreatedOnToolsVersion = 14.2;
						TestTargetID = 41E89A462BC80989008B64C0;
					};
				};
			};
			buildConfigurationList = 41E89A422BC80989008B64C0 /* Build configuration list for PBXProject "MessangerLTN" */;
			compatibilityVersion = "Xcode 14.0";
			developmentRegion = en;
			hasScannedForEncodings = 0;
			knownRegions = (
				en,
				Base,
			);
			mainGroup = 41E89A3E2BC80989008B64C0;
			productRefGroup = 41E89A482BC80989008B64C0 /* Products */;
			projectDirPath = "";
			projectRoot = "";
			targets = (
				41E89A462BC80989008B64C0 /* MessangerLTN */,
				41E89A562BC8098D008B64C0 /* MessangerLTNTests */,
				41E89A602BC8098D008B64C0 /* MessangerLTNUITests */,
			);
		};
/* End PBXProject section */

/* Begin PBXResourcesBuildPhase section */
		41E89A452BC80989008B64C0 /* Resources */ = {
			isa = PBXResourcesBuildPhase;
			buildActionMask = 2147483647;
			files = (
				41E89A522BC8098C008B64C0 /* Preview Assets.xcassets in Resources */,
				41E89A4F2BC8098C008B64C0 /* Assets.xcassets in Resources */,
			);
			runOnlyForDeploymentPostprocessing = 0;
		};
		41E89A552BC8098D008B64C0 /* Resources */ = {
			isa = PBXResourcesBuildPhase;
			buildActionMask = 2147483647;
			files = (
			);
			runOnlyForDeploymentPostprocessing = 0;
		};
		41E89A5F2BC8098D008B64C0 /* Resources */ = {
			isa = PBXResourcesBuildPhase;
			buildActionMask = 2147483647;
			files = (
			);
			runOnlyForDeploymentPostprocessing = 0;
		};
/* End PBXResourcesBuildPhase section */

/* Begin PBXSourcesBuildPhase section */
		41E89A432BC80989008B64C0 /* Sources */ = {
			isa = PBXSourcesBuildPhase;
			buildActionMask = 2147483647;
			files = (
				41E89A4D2BC80989008B64C0 /* ContentView.swift in Sources */,
				41E89A4B2BC80989008B64C0 /* MessangerLTNApp.swift in Sources */,
			);
			runOnlyForDeploymentPostprocessing = 0;
		};
		41E89A532BC8098D008B64C0 /* Sources */ = {
			isa = PBXSourcesBuildPhase;
			buildActionMask = 2147483647;
			files = (
				41E89A5C2BC8098D008B64C0 /* MessangerLTNTests.swift in Sources */,
			);
			runOnlyForDeploymentPostprocessing = 0;
		};
		41E89A5D2BC8098D008B64C0 /* Sources */ = {
			isa = PBXSourcesBuildPhase;
			buildActionMask = 2147483647;
			files = (
				41E89A662BC8098D008B64C0 /* MessangerLTNUITests.swift in Sources */,
				41E89A682BC8098D008B64C0 /* MessangerLTNUITestsLaunchTests.swift in Sources */,
			);
			runOnlyForDeploymentPostprocessing = 0;
		};
/* End PBXSourcesBuildPhase section */

/* Begin PBXTargetDependency section */
		41E89A592BC8098D008B64C0 /* PBXTargetDependency */ = {
			isa = PBXTargetDependency;
			target = 41E89A462BC80989008B64C0 /* MessangerLTN */;
			targetProxy = 41E89A582BC8098D008B64C0 /* PBXContainerItemProxy */;
		};
		41E89A632BC8098D008B64C0 /* PBXTargetDependency */ = {
			isa = PBXTargetDependency;
			target = 41E89A462BC80989008B64C0 /* MessangerLTN */;
			targetProxy = 41E89A622BC8098D008B64C0 /* PBXContainerItemProxy */;
		};
/* End PBXTargetDependency section */

/* Begin XCBuildConfiguration section */
		41E89A692BC8098D008B64C0 /* Debug */ = {
			isa = XCBuildConfiguration;
			buildSettings = {
				ALWAYS_SEARCH_USER_PATHS = NO;
				CLANG_ANALYZER_NONNULL = YES;
				CLANG_ANALYZER_NUMBER_OBJECT_CONVERSION = YES_AGGRESSIVE;
				CLANG_CXX_LANGUAGE_STANDARD = "gnu++20";
				CLANG_ENABLE_MODULES = YES;
				CLANG_ENABLE_OBJC_ARC = YES;
				CLANG_ENABLE_OBJC_WEAK = YES;
				CLANG_WARN_BLOCK_CAPTURE_AUTORELEASING = YES;
				CLANG_WARN_BOOL_CONVERSION = YES;
				CLANG_WARN_COMMA = YES;
				CLANG_WARN_CONSTANT_CONVERSION = YES;
				CLANG_WARN_DEPRECATED_OBJC_IMPLEMENTATIONS = YES;
				CLANG_WARN_DIRECT_OBJC_ISA_USAGE = YES_ERROR;
				CLANG_WARN_DOCUMENTATION_COMMENTS = YES;
				CLANG_WARN_EMPTY_BODY = YES;
				CLANG_WARN_ENUM_CONVERSION = YES;
				CLANG_WARN_INFINITE_RECURSION = YES;
				CLANG_WARN_INT_CONVERSION = YES;
				CLANG_WARN_NON_LITERAL_NULL_CONVERSION = YES;
				CLANG_WARN_OBJC_IMPLICIT_RETAIN_SELF = YES;
				CLANG_WARN_OBJC_LITERAL_CONVERSION = YES;
				CLANG_WARN_OBJC_ROOT_CLASS = YES_ERROR;
				CLANG_WARN_QUOTED_INCLUDE_IN_FRAMEWORK_HEADER = YES;
				CLANG_WARN_RANGE_LOOP_ANALYSIS = YES;
				CLANG_WARN_STRICT_PROTOTYPES = YES;
				CLANG_WARN_SUSPICIOUS_MOVE = YES;
				CLANG_WARN_UNGUARDED_AVAILABILITY = YES_AGGRESSIVE;
				CLANG_WARN_UNREACHABLE_CODE = YES;
				CLANG_WARN__DUPLICATE_METHOD_MATCH = YES;
				COPY_PHASE_STRIP = NO;
				DEBUG_INFORMATION_FORMAT = dwarf;
				ENABLE_STRICT_OBJC_MSGSEND = YES;
				ENABLE_TESTABILITY = YES;
				GCC_C_LANGUAGE_STANDARD = gnu11;
				GCC_DYNAMIC_NO_PIC = NO;
				GCC_NO_COMMON_BLOCKS = YES;
				GCC_OPTIMIZATION_LEVEL = 0;
				GCC_PREPROCESSOR_DEFINITIONS = (
					"DEBUG=1",
					"$(inherited)",
				);
				GCC_WARN_64_TO_32_BIT_CONVERSION = YES;
				GCC_WARN_ABOUT_RETURN_TYPE = YES_ERROR;
				GCC_WARN_UNDECLARED_SELECTOR = YES;
				GCC_WARN_UNINITIALIZED_AUTOS = YES_AGGRESSIVE;
				GCC_WARN_UNUSED_FUNCTION = YES;
				GCC_WARN_UNUSED_VARIABLE = YES;
				IPHONEOS_DEPLOYMENT_TARGET = 16.2;
				MTL_ENABLE_DEBUG_INFO = INCLUDE_SOURCE;
				MTL_FAST_MATH = YES;
				ONLY_ACTIVE_ARCH = YES;
				SDKROOT = iphoneos;
				SWIFT_ACTIVE_COMPILATION_CONDITIONS = DEBUG;
				SWIFT_OPTIMIZATION_LEVEL = "-Onone";
			};
			name = Debug;
		};
		41E89A6A2BC8098D008B64C0 /* Release */ = {
			isa = XCBuildConfiguration;
			buildSettings = {
				ALWAYS_SEARCH_USER_PATHS = NO;
				CLANG_ANALYZER_NONNULL = YES;
				CLANG_ANALYZER_NUMBER_OBJECT_CONVERSION = YES_AGGRESSIVE;
				CLANG_CXX_LANGUAGE_STANDARD = "gnu++20";
				CLANG_ENABLE_MODULES = YES;
				CLANG_ENABLE_OBJC_ARC = YES;
				CLANG_ENABLE_OBJC_WEAK = YES;
				CLANG_WARN_BLOCK_CAPTURE_AUTORELEASING = YES;
				CLANG_WARN_BOOL_CONVERSION = YES;
				CLANG_WARN_COMMA = YES;
				CLANG_WARN_CONSTANT_CONVERSION = YES;
				CLANG_WARN_DEPRECATED_OBJC_IMPLEMENTATIONS = YES;
				CLANG_WARN_DIRECT_OBJC_ISA_USAGE = YES_ERROR;
				CLANG_WARN_DOCUMENTATION_COMMENTS = YES;
				CLANG_WARN_EMPTY_BODY = YES;
				CLANG_WARN_ENUM_CONVERSION = YES;
				CLANG_WARN_INFINITE_RECURSION = YES;
				CLANG_WARN_INT_CONVERSION = YES;
				CLANG_WARN_NON_LITERAL_NULL_CONVERSION = YES;
				CLANG_WARN_OBJC_IMPLICIT_RETAIN_SELF = YES;
				CLANG_WARN_OBJC_LITERAL_CONVERSION = YES;
				CLANG_WARN_OBJC_ROOT_CLASS = YES_ERROR;
				CLANG_WARN_QUOTED_INCLUDE_IN_FRAMEWORK_HEADER = YES;
				CLANG_WARN_RANGE_LOOP_ANALYSIS = YES;
				CLANG_WARN_STRICT_PROTOTYPES = YES;
				CLANG_WARN_SUSPICIOUS_MOVE = YES;
				CLANG_WARN_UNGUARDED_AVAILABILITY = YES_AGGRESSIVE;
				CLANG_WARN_UNREACHABLE_CODE = YES;
				CLANG_WARN__DUPLICATE_METHOD_MATCH = YES;
				COPY_PHASE_STRIP = NO;
				DEBUG_INFORMATION_FORMAT = "dwarf-with-dsym";
				ENABLE_NS_ASSERTIONS = NO;
				ENABLE_STRICT_OBJC_MSGSEND = YES;
				GCC_C_LANGUAGE_STANDARD = gnu11;
				GCC_NO_COMMON_BLOCKS = YES;
				GCC_WARN_64_TO_32_BIT_CONVERSION = YES;
				GCC_WARN_ABOUT_RETURN_TYPE = YES_ERROR;
				GCC_WARN_UNDECLARED_SELECTOR = YES;
				GCC_WARN_UNINITIALIZED_AUTOS = YES_AGGRESSIVE;
				GCC_WARN_UNUSED_FUNCTION = YES;
				GCC_WARN_UNUSED_VARIABLE = YES;
				IPHONEOS_DEPLOYMENT_TARGET = 16.2;
				MTL_ENABLE_DEBUG_INFO = NO;
				MTL_FAST_MATH = YES;
				SDKROOT = iphoneos;
				SWIFT_COMPILATION_MODE = wholemodule;
				SWIFT_OPTIMIZATION_LEVEL = "-O";
				VALIDATE_PRODUCT = YES;
			};
			name = Release;
		};
		41E89A6C2BC8098D008B64C0 /* Debug */ = {
			isa = XCBuildConfiguration;
			buildSettings = {
				ASSETCATALOG_COMPILER_APPICON_NAME = AppIcon;
				ASSETCATALOG_COMPILER_GLOBAL_ACCENT_COLOR_NAME = AccentColor;
				CODE_SIGN_STYLE = Automatic;
				CURRENT_PROJECT_VERSION = 1;
				DEVELOPMENT_ASSET_PATHS = "\"MessangerLTN/Preview Content\"";
				DEVELOPMENT_TEAM = CS3D4J67LN;
				ENABLE_PREVIEWS = YES;
				GENERATE_INFOPLIST_FILE = YES;
				INFOPLIST_KEY_UIApplicationSceneManifest_Generation = YES;
				INFOPLIST_KEY_UIApplicationSupportsIndirectInputEvents = YES;
				INFOPLIST_KEY_UILaunchScreen_Generation = YES;
				INFOPLIST_KEY_UISupportedInterfaceOrientations_iPad = "UIInterfaceOrientationPortrait UIInterfaceOrientationPortraitUpsideDown UIInterfaceOrientationLandscapeLeft UIInterfaceOrientationLandscapeRight";
				INFOPLIST_KEY_UISupportedInterfaceOrientations_iPhone = "UIInterfaceOrientationPortrait UIInterfaceOrientationLandscapeLeft UIInterfaceOrientationLandscapeRight";
				LD_RUNPATH_SEARCH_PATHS = (
					"$(inherited)",
					"@executable_path/Frameworks",
				);
				MARKETING_VERSION = 1.0;
				PRODUCT_BUNDLE_IDENTIFIER = "LTN-Clab.MessangerLTN";
				PRODUCT_NAME = "$(TARGET_NAME)";
				SWIFT_EMIT_LOC_STRINGS = YES;
				SWIFT_VERSION = 5.0;
				TARGETED_DEVICE_FAMILY = "1,2";
			};
			name = Debug;
		};
		41E89A6D2BC8098D008B64C0 /* Release */ = {
			isa = XCBuildConfiguration;
			buildSettings = {
				ASSETCATALOG_COMPILER_APPICON_NAME = AppIcon;
				ASSETCATALOG_COMPILER_GLOBAL_ACCENT_COLOR_NAME = AccentColor;
				CODE_SIGN_STYLE = Automatic;
				CURRENT_PROJECT_VERSION = 1;
				DEVELOPMENT_ASSET_PATHS = "\"MessangerLTN/Preview Content\"";
				DEVELOPMENT_TEAM = CS3D4J67LN;
				ENABLE_PREVIEWS = YES;
				GENERATE_INFOPLIST_FILE = YES;
				INFOPLIST_KEY_UIApplicationSceneManifest_Generation = YES;
				INFOPLIST_KEY_UIApplicationSupportsIndirectInputEvents = YES;
				INFOPLIST_KEY_UILaunchScreen_Generation = YES;
				INFOPLIST_KEY_UISupportedInterfaceOrientations_iPad = "UIInterfaceOrientationPortrait UIInterfaceOrientationPortraitUpsideDown UIInterfaceOrientationLandscapeLeft UIInterfaceOrientationLandscapeRight";
				INFOPLIST_KEY_UISupportedInterfaceOrientations_iPhone = "UIInterfaceOrientationPortrait UIInterfaceOrientationLandscapeLeft UIInterfaceOrientationLandscapeRight";
				LD_RUNPATH_SEARCH_PATHS = (
					"$(inherited)",
					"@executable_path/Frameworks",
				);
				MARKETING_VERSION = 1.0;
				PRODUCT_BUNDLE_IDENTIFIER = "LTN-Clab.MessangerLTN";
				PRODUCT_NAME = "$(TARGET_NAME)";
				SWIFT_EMIT_LOC_STRINGS = YES;
				SWIFT_VERSION = 5.0;
				TARGETED_DEVICE_FAMILY = "1,2";
			};
			name = Release;
		};
		41E89A6F2BC8098D008B64C0 /* Debug */ = {
			isa = XCBuildConfiguration;
			buildSettings = {
				ALWAYS_EMBED_SWIFT_STANDARD_LIBRARIES = YES;
				BUNDLE_LOADER = "$(TEST_HOST)";
				CODE_SIGN_STYLE = Automatic;
				CURRENT_PROJECT_VERSION = 1;
				DEVELOPMENT_TEAM = CS3D4J67LN;
				GENERATE_INFOPLIST_FILE = YES;
				IPHONEOS_DEPLOYMENT_TARGET = 16.2;
				MARKETING_VERSION = 1.0;
				PRODUCT_BUNDLE_IDENTIFIER = "LTN-Clab.MessangerLTNTests";
				PRODUCT_NAME = "$(TARGET_NAME)";
				SWIFT_EMIT_LOC_STRINGS = NO;
				SWIFT_VERSION = 5.0;
				TARGETED_DEVICE_FAMILY = "1,2";
				TEST_HOST = "$(BUILT_PRODUCTS_DIR)/MessangerLTN.app/$(BUNDLE_EXECUTABLE_FOLDER_PATH)/MessangerLTN";
			};
			name = Debug;
		};
		41E89A702BC8098D008B64C0 /* Release */ = {
			isa = XCBuildConfiguration;
			buildSettings = {
				ALWAYS_EMBED_SWIFT_STANDARD_LIBRARIES = YES;
				BUNDLE_LOADER = "$(TEST_HOST)";
				CODE_SIGN_STYLE = Automatic;
				CURRENT_PROJECT_VERSION = 1;
				DEVELOPMENT_TEAM = CS3D4J67LN;
				GENERATE_INFOPLIST_FILE = YES;
				IPHONEOS_DEPLOYMENT_TARGET = 16.2;
				MARKETING_VERSION = 1.0;
				PRODUCT_BUNDLE_IDENTIFIER = "LTN-Clab.MessangerLTNTests";
				PRODUCT_NAME = "$(TARGET_NAME)";
				SWIFT_EMIT_LOC_STRINGS = NO;
				SWIFT_VERSION = 5.0;
				TARGETED_DEVICE_FAMILY = "1,2";
				TEST_HOST = "$(BUILT_PRODUCTS_DIR)/MessangerLTN.app/$(BUNDLE_EXECUTABLE_FOLDER_PATH)/MessangerLTN";
			};
			name = Release;
		};
		41E89A722BC8098D008B64C0 /* Debug */ = {
			isa = XCBuildConfiguration;
			buildSettings = {
				ALWAYS_EMBED_SWIFT_STANDARD_LIBRARIES = YES;
				CODE_SIGN_STYLE = Automatic;
				CURRENT_PROJECT_VERSION = 1;
				DEVELOPMENT_TEAM = CS3D4J67LN;
				GENERATE_INFOPLIST_FILE = YES;
				MARKETING_VERSION = 1.0;
				PRODUCT_BUNDLE_IDENTIFIER = "LTN-Clab.MessangerLTNUITests";
				PRODUCT_NAME = "$(TARGET_NAME)";
				SWIFT_EMIT_LOC_STRINGS = NO;
				SWIFT_VERSION = 5.0;
				TARGETED_DEVICE_FAMILY = "1,2";
				TEST_TARGET_NAME = MessangerLTN;
			};
			name = Debug;
		};
		41E89A732BC8098D008B64C0 /* Release */ = {
			isa = XCBuildConfiguration;
			buildSettings = {
				ALWAYS_EMBED_SWIFT_STANDARD_LIBRARIES = YES;
				CODE_SIGN_STYLE = Automatic;
				CURRENT_PROJECT_VERSION = 1;
				DEVELOPMENT_TEAM = CS3D4J67LN;
				GENERATE_INFOPLIST_FILE = YES;
				MARKETING_VERSION = 1.0;
				PRODUCT_BUNDLE_IDENTIFIER = "LTN-Clab.MessangerLTNUITests";
				PRODUCT_NAME = "$(TARGET_NAME)";
				SWIFT_EMIT_LOC_STRINGS = NO;
				SWIFT_VERSION = 5.0;
				TARGETED_DEVICE_FAMILY = "1,2";
				TEST_TARGET_NAME = MessangerLTN;
			};
			name = Release;
		};
/* End XCBuildConfiguration section */

/* Begin XCConfigurationList section */
		41E89A422BC80989008B64C0 /* Build configuration list for PBXProject "MessangerLTN" */ = {
			isa = XCConfigurationList;
			buildConfigurations = (
				41E89A692BC8098D008B64C0 /* Debug */,
				41E89A6A2BC8098D008B64C0 /* Release */,
			);
			defaultConfigurationIsVisible = 0;
			defaultConfigurationName = Release;
		};
		41E89A6B2BC8098D008B64C0 /* Build configuration list for PBXNativeTarget "MessangerLTN" */ = {
			isa = XCConfigurationList;
			buildConfigurations = (
				41E89A6C2BC8098D008B64C0 /* Debug */,
				41E89A6D2BC8098D008B64C0 /* Release */,
			);
			defaultConfigurationIsVisible = 0;
			defaultConfigurationName = Release;
		};
		41E89A6E2BC8098D008B64C0 /* Build configuration list for PBXNativeTarget "MessangerLTNTests" */ = {
			isa = XCConfigurationList;
			buildConfigurations = (
				41E89A6F2BC8098D008B64C0 /* Debug */,
				41E89A702BC8098D008B64C0 /* Release */,
			);
			defaultConfigurationIsVisible = 0;
			defaultConfigurationName = Release;
		};
		41E89A712BC8098D008B64C0 /* Build configuration list for PBXNativeTarget "MessangerLTNUITests" */ = {
			isa = XCConfigurationList;
			buildConfigurations = (
				41E89A722BC8098D008B64C0 /* Debug */,
				41E89A732BC8098D008B64C0 /* Release */,
			);
			defaultConfigurationIsVisible = 0;
			defaultConfigurationName = Release;
		};
/* End XCConfigurationList section */
	};
	rootObject = 41E89A3F2BC80989008B64C0 /* Project object */;
}
